
Microsoft Visual Studio Solution File, Format Version 12.00
# Visual Studio Version 16
VisualStudioVersion = 16.0.30503.244
MinimumVisualStudioVersion = 10.0.40219.1
Project("{FAE04EC0-301F-11D3-BF4B-00C04F79EFBC}") = "Amido.TechTest.DotNet.VSTest", "Amido.TechTest.DotNet.VSTest\Amido.TechTest.DotNet.VSTest.csproj", "{5E7A6F97-F375-41CF-8239-A8DCB5DBC253}"
EndProject
Project("{FAE04EC0-301F-11D3-BF4B-00C04F79EFBC}") = "Amido.TechTest.DotNet.NUnit", "Amido.TechTest.DotNet.NUnit\Amido.TechTest.DotNet.NUnit.csproj", "{3CD638C8-23A2-4DAB-A3CF-FBB50A704E13}"
EndProject
Project("{FAE04EC0-301F-11D3-BF4B-00C04F79EFBC}") = "Amido.TechTest.NetCore.Bddfy", "Amido.TechTest.NetCore.Bddfy\Amido.TechTest.NetCore.Bddfy.csproj", "{EB8109BC-36CB-4929-A81C-589647903ACC}"
EndProject
Global
	GlobalSection(SolutionConfigurationPlatforms) = preSolution
		Debug|Any CPU = Debug|Any CPU
		Release|Any CPU = Release|Any CPU
	EndGlobalSection
	GlobalSection(ProjectConfigurationPlatforms) = postSolution
		{5E7A6F97-F375-41CF-8239-A8DCB5DBC253}.Debug|Any CPU.ActiveCfg = Debug|Any CPU
		{5E7A6F97-F375-41CF-8239-A8DCB5DBC253}.Debug|Any CPU.Build.0 = Debug|Any CPU
		{5E7A6F97-F375-41CF-8239-A8DCB5DBC253}.Release|Any CPU.ActiveCfg = Release|Any CPU
		{5E7A6F97-F375-41CF-8239-A8DCB5DBC253}.Release|Any CPU.Build.0 = Release|Any CPU
		{3CD638C8-23A2-4DAB-A3CF-FBB50A704E13}.Debug|Any CPU.ActiveCfg = Debug|Any CPU
		{3CD638C8-23A2-4DAB-A3CF-FBB50A704E13}.Debug|Any CPU.Build.0 = Debug|Any CPU
		{3CD638C8-23A2-4DAB-A3CF-FBB50A704E13}.Release|Any CPU.ActiveCfg = Release|Any CPU
		{3CD638C8-23A2-4DAB-A3CF-FBB50A704E13}.Release|Any CPU.Build.0 = Release|Any CPU
		{EB8109BC-36CB-4929-A81C-589647903ACC}.Debug|Any CPU.ActiveCfg = Debug|Any CPU
		{EB8109BC-36CB-4929-A81C-589647903ACC}.Debug|Any CPU.Build.0 = Debug|Any CPU
		{EB8109BC-36CB-4929-A81C-589647903ACC}.Release|Any CPU.ActiveCfg = Release|Any CPU
		{EB8109BC-36CB-4929-A81C-589647903ACC}.Release|Any CPU.Build.0 = Release|Any CPU
	EndGlobalSection
	GlobalSection(SolutionProperties) = preSolution
		HideSolutionNode = FALSE
	EndGlobalSection
	GlobalSection(ExtensibilityGlobals) = postSolution
		SolutionGuid = {C3996615-49A2-42DC-9F2D-426411073ED1}
	EndGlobalSection
EndGlobal
